
Microsoft Visual Studio Solution File, Format Version 12.00
# Visual Studio 15
VisualStudioVersion = 15.0.28307.1300
MinimumVisualStudioVersion = 10.0.40219.1
Project("{FAE04EC0-301F-11D3-BF4B-00C04F79EFBC}") = "WpfApp", "WpfApp.csproj", "{FBAEAF5E-FCCC-4DF9-88E1-FB6914C43877}"
EndProject
Project("{FAE04EC0-301F-11D3-BF4B-00C04F79EFBC}") = "Models", "Models\Models.csproj", "{888FAFD3-5EE2-4B56-AD56-49BE93C8511B}"
EndProject
Project("{FAE04EC0-301F-11D3-BF4B-00C04F79EFBC}") = "ConsoleApp", "..\ConsoleApp\ConsoleApp.csproj", "{39BA4A49-86AA-40C5-BDB2-0B7D79FAA0CC}"
EndProject
Project("{FAE04EC0-301F-11D3-BF4B-00C04F79EFBC}") = "DAL", "..\DAL\DAL.csproj", "{BE8A177E-5EA1-41B3-89C1-B624FFE4A477}"
EndProject
Project("{FAE04EC0-301F-11D3-BF4B-00C04F79EFBC}") = "Services.Interfaces", "Services.Interfaces\Services.Interfaces.csproj", "{47F85F0E-0501-42FE-8F0C-4421D2DBF22D}"
EndProject
Global
	GlobalSection(SolutionConfigurationPlatforms) = preSolution
		Debug|Any CPU = Debug|Any CPU
		Release|Any CPU = Release|Any CPU
	EndGlobalSection
	GlobalSection(ProjectConfigurationPlatforms) = postSolution
		{FBAEAF5E-FCCC-4DF9-88E1-FB6914C43877}.Debug|Any CPU.ActiveCfg = Debug|Any CPU
		{FBAEAF5E-FCCC-4DF9-88E1-FB6914C43877}.Debug|Any CPU.Build.0 = Debug|Any CPU
		{FBAEAF5E-FCCC-4DF9-88E1-FB6914C43877}.Release|Any CPU.ActiveCfg = Release|Any CPU
		{FBAEAF5E-FCCC-4DF9-88E1-FB6914C43877}.Release|Any CPU.Build.0 = Release|Any CPU
		{888FAFD3-5EE2-4B56-AD56-49BE93C8511B}.Debug|Any CPU.ActiveCfg = Debug|Any CPU
		{888FAFD3-5EE2-4B56-AD56-49BE93C8511B}.Debug|Any CPU.Build.0 = Debug|Any CPU
		{888FAFD3-5EE2-4B56-AD56-49BE93C8511B}.Release|Any CPU.ActiveCfg = Release|Any CPU
		{888FAFD3-5EE2-4B56-AD56-49BE93C8511B}.Release|Any CPU.Build.0 = Release|Any CPU
		{39BA4A49-86AA-40C5-BDB2-0B7D79FAA0CC}.Debug|Any CPU.ActiveCfg = Debug|Any CPU
		{39BA4A49-86AA-40C5-BDB2-0B7D79FAA0CC}.Debug|Any CPU.Build.0 = Debug|Any CPU
		{39BA4A49-86AA-40C5-BDB2-0B7D79FAA0CC}.Release|Any CPU.ActiveCfg = Release|Any CPU
		{39BA4A49-86AA-40C5-BDB2-0B7D79FAA0CC}.Release|Any CPU.Build.0 = Release|Any CPU
		{BE8A177E-5EA1-41B3-89C1-B624FFE4A477}.Debug|Any CPU.ActiveCfg = Debug|Any CPU
		{BE8A177E-5EA1-41B3-89C1-B624FFE4A477}.Debug|Any CPU.Build.0 = Debug|Any CPU
		{BE8A177E-5EA1-41B3-89C1-B624FFE4A477}.Release|Any CPU.ActiveCfg = Release|Any CPU
		{BE8A177E-5EA1-41B3-89C1-B624FFE4A477}.Release|Any CPU.Build.0 = Release|Any CPU
		{47F85F0E-0501-42FE-8F0C-4421D2DBF22D}.Debug|Any CPU.ActiveCfg = Debug|Any CPU
		{47F85F0E-0501-42FE-8F0C-4421D2DBF22D}.Debug|Any CPU.Build.0 = Debug|Any CPU
		{47F85F0E-0501-42FE-8F0C-4421D2DBF22D}.Release|Any CPU.ActiveCfg = Release|Any CPU
		{47F85F0E-0501-42FE-8F0C-4421D2DBF22D}.Release|Any CPU.Build.0 = Release|Any CPU
	EndGlobalSection
	GlobalSection(SolutionProperties) = preSolution
		HideSolutionNode = FALSE
	EndGlobalSection
	GlobalSection(ExtensibilityGlobals) = postSolution
		SolutionGuid = {E0674CC8-04E8-404A-A79C-4A27F33A9591}
	EndGlobalSection
EndGlobal
